// !$*UTF8*$!
{
	archiveVersion = 1;
	classes = {
	};
	objectVersion = 46;
	objects = {

/* Begin PBXBuildFile section */
		010B18321D086C0E00785992 /* AppDelegate.swift in Sources */ = {isa = PBXBuildFile; fileRef = 010B18311D086C0E00785992 /* AppDelegate.swift */; };
		010B18341D086C0E00785992 /* ViewController.swift in Sources */ = {isa = PBXBuildFile; fileRef = 010B18331D086C0E00785992 /* ViewController.swift */; };
		010B18371D086C0E00785992 /* Main.storyboard in Resources */ = {isa = PBXBuildFile; fileRef = 010B18351D086C0E00785992 /* Main.storyboard */; };
		010B18391D086C0E00785992 /* Assets.xcassets in Resources */ = {isa = PBXBuildFile; fileRef = 010B18381D086C0E00785992 /* Assets.xcassets */; };
		010B183C1D086C0E00785992 /* LaunchScreen.storyboard in Resources */ = {isa = PBXBuildFile; fileRef = 010B183A1D086C0E00785992 /* LaunchScreen.storyboard */; };
/* End PBXBuildFile section */

/* Begin PBXFileReference section */
		010B182E1D086C0E00785992 /* FillPatternDemoApp.app */ = {isa = PBXFileReference; explicitFileType = wrapper.application; includeInIndex = 0; path = FillPatternDemoApp.app; sourceTree = BUILT_PRODUCTS_DIR; };
		010B18311D086C0E00785992 /* AppDelegate.swift */ = {isa = PBXFileReference; lastKnownFileType = sourcecode.swift; path = AppDelegate.swift; sourceTree = "<group>"; };
		010B18331D086C0E00785992 /* ViewController.swift */ = {isa = PBXFileReference; lastKnownFileType = sourcecode.swift; path = ViewController.swift; sourceTree = "<group>"; };
		010B18361D086C0E00785992 /* Base */ = {isa = PBXFileReference; lastKnownFileType = file.storyboard; name = Base; path = Base.lproj/Main.storyboard; sourceTree = "<group>"; };
		010B18381D086C0E00785992 /* Assets.xcassets */ = {isa = PBXFileReference; lastKnownFileType = folder.assetcatalog; path = Assets.xcassets; sourceTree = "<group>"; };
		010B183B1D086C0E00785992 /* Base */ = {isa = PBXFileReference; lastKnownFileType = file.storyboard; name = Base; path = Base.lproj/LaunchScreen.storyboard; sourceTree = "<group>"; };
		010B183D1D086C0E00785992 /* Info.plist */ = {isa = PBXFileReference; lastKnownFileType = text.plist.xml; path = Info.plist; sourceTree = "<group>"; };
/* End PBXFileReference section */

/* Begin PBXFrameworksBuildPhase section */
		010B182B1D086C0E00785992 /* Frameworks */ = {
			isa = PBXFrameworksBuildPhase;
			buildActionMask = 2147483647;
			files = (
			);
			runOnlyForDeploymentPostprocessing = 0;
		};
/* End PBXFrameworksBuildPhase section */

/* Begin PBXGroup section */
		010B18251D086C0E00785992 = {
			isa = PBXGroup;
			children = (
				010B18301D086C0E00785992 /* FillPatternDemoApp */,
				010B182F1D086C0E00785992 /* Products */,
			);
			sourceTree = "<group>";
		};
		010B182F1D086C0E00785992 /* Products */ = {
			isa = PBXGroup;
			children = (
				010B182E1D086C0E00785992 /* FillPatternDemoApp.app */,
			);
			name = Products;
			sourceTree = "<group>";
		};
		010B18301D086C0E00785992 /* FillPatternDemoApp */ = {
			isa = PBXGroup;
			children = (
				010B18311D086C0E00785992 /* AppDelegate.swift */,
				010B18331D086C0E00785992 /* ViewController.swift */,
				010B18351D086C0E00785992 /* Main.storyboard */,
				010B18381D086C0E00785992 /* Assets.xcassets */,
				010B183A1D086C0E00785992 /* LaunchScreen.storyboard */,
				010B183D1D086C0E00785992 /* Info.plist */,
			);
			path = FillPatternDemoApp;
			sourceTree = "<group>";
		};
/* End PBXGroup section */

/* Begin PBXNativeTarget section */
		010B182D1D086C0E00785992 /* FillPatternDemoApp */ = {
			isa = PBXNativeTarget;
			buildConfigurationList = 010B18401D086C0E00785992 /* Build configuration list for PBXNativeTarget "FillPatternDemoApp" */;
			buildPhases = (
				010B182A1D086C0E00785992 /* Sources */,
				010B182B1D086C0E00785992 /* Frameworks */,
				010B182C1D086C0E00785992 /* Resources */,
			);
			buildRules = (
			);
			dependencies = (
			);
			name = FillPatternDemoApp;
			productName = FillPatternDemoApp;
			productReference = 010B182E1D086C0E00785992 /* FillPatternDemoApp.app */;
			productType = "com.apple.product-type.application";
		};
/* End PBXNativeTarget section */

/* Begin PBXProject section */
		010B18261D086C0E00785992 /* Project object */ = {
			isa = PBXProject;
			attributes = {
				LastSwiftUpdateCheck = 0730;
				LastUpgradeCheck = 0730;
				ORGANIZATIONNAME = kris;
				TargetAttributes = {
					010B182D1D086C0E00785992 = {
						CreatedOnToolsVersion = 7.3.1;
					};
				};
			};
			buildConfigurationList = 010B18291D086C0E00785992 /* Build configuration list for PBXProject "FillPatternDemoApp" */;
			compatibilityVersion = "Xcode 3.2";
			developmentRegion = English;
			hasScannedForEncodings = 0;
			knownRegions = (
				en,
				Base,
			);
			mainGroup = 010B18251D086C0E00785992;
			productRefGroup = 010B182F1D086C0E00785992 /* Products */;
			projectDirPath = "";
			projectRoot = "";
			targets = (
				010B182D1D086C0E00785992 /* FillPatternDemoApp */,
			);
		};
/* End PBXProject section */

/* Begin PBXResourcesBuildPhase section */
		010B182C1D086C0E00785992 /* Resources */ = {
			isa = PBXResourcesBuildPhase;
			buildActionMask = 2147483647;
			files = (
				010B183C1D086C0E00785992 /* LaunchScreen.storyboard in Resources */,
				010B18391D086C0E00785992 /* Assets.xcassets in Resources */,
				010B18371D086C0E00785992 /* Main.storyboard in Resources */,
			);
			runOnlyForDeploymentPostprocessing = 0;
		};
/* End PBXResourcesBuildPhase section */

/* Begin PBXSourcesBuildPhase section */
		010B182A1D086C0E00785992 /* Sources */ = {
			isa = PBXSourcesBuildPhase;
			buildActionMask = 2147483647;
			files = (
				010B18341D086C0E00785992 /* ViewController.swift in Sources */,
				010B18321D086C0E00785992 /* AppDelegate.swift in Sources */,
			);
			runOnlyForDeploymentPostprocessing = 0;
		};
/* End PBXSourcesBuildPhase section */

/* Begin PBXVariantGroup section */
		010B18351D086C0E00785992 /* Main.storyboard */ = {
			isa = PBXVariantGroup;
			children = (
				010B18361D086C0E00785992 /* Base */,
			);
			name = Main.storyboard;
			sourceTree = "<group>";
		};
		010B183A1D086C0E00785992 /* LaunchScreen.storyboard */ = {
			isa = PBXVariantGroup;
			children = (
				010B183B1D086C0E00785992 /* Base */,
			);
			name = LaunchScreen.storyboard;
			sourceTree = "<group>";
		};
/* End PBXVariantGroup section */

/* Begin XCBuildConfiguration section */
		010B183E1D086C0E00785992 /* Debug */ = {
			isa = XCBuildConfiguration;
			buildSettings = {
				ALWAYS_SEARCH_USER_PATHS = NO;
				CLANG_ANALYZER_NONNULL = YES;
				CLANG_CXX_LANGUAGE_STANDARD = "gnu++0x";
				CLANG_CXX_LIBRARY = "libc++";
				CLANG_ENABLE_MODULES = YES;
				CLANG_ENABLE_OBJC_ARC = YES;
				CLANG_WARN_BOOL_CONVERSION = YES;
				CLANG_WARN_CONSTANT_CONVERSION = YES;
				CLANG_WARN_DIRECT_OBJC_ISA_USAGE = YES_ERROR;
				CLANG_WARN_EMPTY_BODY = YES;
				CLANG_WARN_ENUM_CONVERSION = YES;
				CLANG_WARN_INT_CONVERSION = YES;
				CLANG_WARN_OBJC_ROOT_CLASS = YES_ERROR;
				CLANG_WARN_UNREACHABLE_CODE = YES;
				CLANG_WARN__DUPLICATE_METHOD_MATCH = YES;
				"CODE_SIGN_IDENTITY[sdk=iphoneos*]" = "iPhone Developer";
				COPY_PHASE_STRIP = NO;
				DEBUG_INFORMATION_FORMAT = dwarf;
				ENABLE_STRICT_OBJC_MSGSEND = YES;
				ENABLE_TESTABILITY = YES;
				GCC_C_LANGUAGE_STANDARD = gnu99;
				GCC_DYNAMIC_NO_PIC = NO;
				GCC_NO_COMMON_BLOCKS = YES;
				GCC_OPTIMIZATION_LEVEL = 0;
				GCC_PREPROCESSOR_DEFINITIONS = (
					"DEBUG=1",
					"$(inherited)",
				);
				GCC_WARN_64_TO_32_BIT_CONVERSION = YES;
				GCC_WARN_ABOUT_RETURN_TYPE = YES_ERROR;
				GCC_WARN_UNDECLARED_SELECTOR = YES;
				GCC_WARN_UNINITIALIZED_AUTOS = YES_AGGRESSIVE;
				GCC_WARN_UNUSED_FUNCTION = YES;
				GCC_WARN_UNUSED_VARIABLE = YES;
				IPHONEOS_DEPLOYMENT_TARGET = 9.3;
				MTL_ENABLE_DEBUG_INFO = YES;
				ONLY_ACTIVE_ARCH = YES;
				SDKROOT = iphoneos;
				SWIFT_OPTIMIZATION_LEVEL = "-Onone";
			};
			name = Debug;
		};
		010B183F1D086C0E00785992 /* Release */ = {
			isa = XCBuildConfiguration;
			buildSettings = {
				ALWAYS_SEARCH_USER_PATHS = NO;
				CLANG_ANALYZER_NONNULL = YES;
				CLANG_CXX_LANGUAGE_STANDARD = "gnu++0x";
				CLANG_CXX_LIBRARY = "libc++";
				CLANG_ENABLE_MODULES = YES;
				CLANG_ENABLE_OBJC_ARC = YES;
				CLANG_WARN_BOOL_CONVERSION = YES;
				CLANG_WARN_CONSTANT_CONVERSION = YES;
				CLANG_WARN_DIRECT_OBJC_ISA_USAGE = YES_ERROR;
				CLANG_WARN_EMPTY_BODY = YES;
				CLANG_WARN_ENUM_CONVERSION = YES;
				CLANG_WARN_INT_CONVERSION = YES;
				CLANG_WARN_OBJC_ROOT_CLASS = YES_ERROR;
				CLANG_WARN_UNREACHABLE_CODE = YES;
				CLANG_WARN__DUPLICATE_METHOD_MATCH = YES;
				"CODE_SIGN_IDENTITY[sdk=iphoneos*]" = "iPhone Developer";
				COPY_PHASE_STRIP = NO;
				DEBUG_INFORMATION_FORMAT = "dwarf-with-dsym";
				ENABLE_NS_ASSERTIONS = NO;
				ENABLE_STRICT_OBJC_MSGSEND = YES;
				GCC_C_LANGUAGE_STANDARD = gnu99;
				GCC_NO_COMMON_BLOCKS = YES;
				GCC_WARN_64_TO_32_BIT_CONVERSION = YES;
				GCC_WARN_ABOUT_RETURN_TYPE = YES_ERROR;
				GCC_WARN_UNDECLARED_SELECTOR = YES;
				GCC_WARN_UNINITIALIZED_AUTOS = YES_AGGRESSIVE;
				GCC_WARN_UNUSED_FUNCTION = YES;
				GCC_WARN_UNUSED_VARIABLE = YES;
				IPHONEOS_DEPLOYMENT_TARGET = 9.3;
				MTL_ENABLE_DEBUG_INFO = NO;
				SDKROOT = iphoneos;
				VALIDATE_PRODUCT = YES;
			};
			name = Release;
		};
		010B18411D086C0E00785992 /* Debug */ = {
			isa = XCBuildConfiguration;
			buildSettings = {
				ASSETCATALOG_COMPILER_APPICON_NAME = AppIcon;
				INFOPLIST_FILE = FillPatternDemoApp/Info.plist;
				LD_RUNPATH_SEARCH_PATHS = "$(inherited) @executable_path/Frameworks";
				PRODUCT_BUNDLE_IDENTIFIER = kris.FillPatternDemoApp;
				PRODUCT_NAME = "$(TARGET_NAME)";
			};
			name = Debug;
		};
		010B18421D086C0E00785992 /* Release */ = {
			isa = XCBuildConfiguration;
			buildSettings = {
				ASSETCATALOG_COMPILER_APPICON_NAME = AppIcon;
				INFOPLIST_FILE = FillPatternDemoApp/Info.plist;
				LD_RUNPATH_SEARCH_PATHS = "$(inherited) @executable_path/Frameworks";
				PRODUCT_BUNDLE_IDENTIFIER = kris.FillPatternDemoApp;
				PRODUCT_NAME = "$(TARGET_NAME)";
			};
			name = Release;
		};
/* End XCBuildConfiguration section */

/* Begin XCConfigurationList section */
		010B18291D086C0E00785992 /* Build configuration list for PBXProject "FillPatternDemoApp" */ = {
			isa = XCConfigurationList;
			buildConfigurations = (
				010B183E1D086C0E00785992 /* Debug */,
				010B183F1D086C0E00785992 /* Release */,
			);
			defaultConfigurationIsVisible = 0;
			defaultConfigurationName = Release;
		};
		010B18401D086C0E00785992 /* Build configuration list for PBXNativeTarget "FillPatternDemoApp" */ = {
			isa = XCConfigurationList;
			buildConfigurations = (
				010B18411D086C0E00785992 /* Debug */,
				010B18421D086C0E00785992 /* Release */,
			);
			defaultConfigurationIsVisible = 0;
		};
/* End XCConfigurationList section */
	};
	rootObject = 010B18261D086C0E00785992 /* Project object */;
}
