// !$*UTF8*$!
{
	archiveVersion = 1;
	classes = {
	};
	objectVersion = 46;
	objects = {

/* Begin PBXBuildFile section */
		018DFEFE1D5F60AA00141FD7 /* AppDelegate.swift in Sources */ = {isa = PBXBuildFile; fileRef = 018DFEFD1D5F60AA00141FD7 /* AppDelegate.swift */; };
		018DFF001D5F60AA00141FD7 /* ViewController.swift in Sources */ = {isa = PBXBuildFile; fileRef = 018DFEFF1D5F60AA00141FD7 /* ViewController.swift */; };
		018DFF031D5F60AA00141FD7 /* Main.storyboard in Resources */ = {isa = PBXBuildFile; fileRef = 018DFF011D5F60AA00141FD7 /* Main.storyboard */; };
		018DFF051D5F60AA00141FD7 /* Assets.xcassets in Resources */ = {isa = PBXBuildFile; fileRef = 018DFF041D5F60AA00141FD7 /* Assets.xcassets */; };
		018DFF081D5F60AA00141FD7 /* LaunchScreen.storyboard in Resources */ = {isa = PBXBuildFile; fileRef = 018DFF061D5F60AA00141FD7 /* LaunchScreen.storyboard */; };
/* End PBXBuildFile section */

/* Begin PBXFileReference section */
		018DFEFA1D5F60AA00141FD7 /* demoApp.app */ = {isa = PBXFileReference; explicitFileType = wrapper.application; includeInIndex = 0; path = demoApp.app; sourceTree = BUILT_PRODUCTS_DIR; };
		018DFEFD1D5F60AA00141FD7 /* AppDelegate.swift */ = {isa = PBXFileReference; lastKnownFileType = sourcecode.swift; path = AppDelegate.swift; sourceTree = "<group>"; };
		018DFEFF1D5F60AA00141FD7 /* ViewController.swift */ = {isa = PBXFileReference; lastKnownFileType = sourcecode.swift; path = ViewController.swift; sourceTree = "<group>"; };
		018DFF021D5F60AA00141FD7 /* Base */ = {isa = PBXFileReference; lastKnownFileType = file.storyboard; name = Base; path = Base.lproj/Main.storyboard; sourceTree = "<group>"; };
		018DFF041D5F60AA00141FD7 /* Assets.xcassets */ = {isa = PBXFileReference; lastKnownFileType = folder.assetcatalog; path = Assets.xcassets; sourceTree = "<group>"; };
		018DFF071D5F60AA00141FD7 /* Base */ = {isa = PBXFileReference; lastKnownFileType = file.storyboard; name = Base; path = Base.lproj/LaunchScreen.storyboard; sourceTree = "<group>"; };
		018DFF091D5F60AA00141FD7 /* Info.plist */ = {isa = PBXFileReference; lastKnownFileType = text.plist.xml; path = Info.plist; sourceTree = "<group>"; };
/* End PBXFileReference section */

/* Begin PBXFrameworksBuildPhase section */
		018DFEF71D5F60AA00141FD7 /* Frameworks */ = {
			isa = PBXFrameworksBuildPhase;
			buildActionMask = 2147483647;
			files = (
			);
			runOnlyForDeploymentPostprocessing = 0;
		};
/* End PBXFrameworksBuildPhase section */

/* Begin PBXGroup section */
		018DFEF11D5F60AA00141FD7 = {
			isa = PBXGroup;
			children = (
				018DFEFC1D5F60AA00141FD7 /* demoApp */,
				018DFEFB1D5F60AA00141FD7 /* Products */,
			);
			sourceTree = "<group>";
		};
		018DFEFB1D5F60AA00141FD7 /* Products */ = {
			isa = PBXGroup;
			children = (
				018DFEFA1D5F60AA00141FD7 /* demoApp.app */,
			);
			name = Products;
			sourceTree = "<group>";
		};
		018DFEFC1D5F60AA00141FD7 /* demoApp */ = {
			isa = PBXGroup;
			children = (
				018DFEFD1D5F60AA00141FD7 /* AppDelegate.swift */,
				018DFEFF1D5F60AA00141FD7 /* ViewController.swift */,
				018DFF011D5F60AA00141FD7 /* Main.storyboard */,
				018DFF041D5F60AA00141FD7 /* Assets.xcassets */,
				018DFF061D5F60AA00141FD7 /* LaunchScreen.storyboard */,
				018DFF091D5F60AA00141FD7 /* Info.plist */,
			);
			path = demoApp;
			sourceTree = "<group>";
		};
/* End PBXGroup section */

/* Begin PBXNativeTarget section */
		018DFEF91D5F60AA00141FD7 /* demoApp */ = {
			isa = PBXNativeTarget;
			buildConfigurationList = 018DFF0C1D5F60AA00141FD7 /* Build configuration list for PBXNativeTarget "demoApp" */;
			buildPhases = (
				018DFEF61D5F60AA00141FD7 /* Sources */,
				018DFEF71D5F60AA00141FD7 /* Frameworks */,
				018DFEF81D5F60AA00141FD7 /* Resources */,
			);
			buildRules = (
			);
			dependencies = (
			);
			name = demoApp;
			productName = demoApp;
			productReference = 018DFEFA1D5F60AA00141FD7 /* demoApp.app */;
			productType = "com.apple.product-type.application";
		};
/* End PBXNativeTarget section */

/* Begin PBXProject section */
		018DFEF21D5F60AA00141FD7 /* Project object */ = {
			isa = PBXProject;
			attributes = {
				LastSwiftUpdateCheck = 0730;
				LastUpgradeCheck = 0730;
				ORGANIZATIONNAME = kris;
				TargetAttributes = {
					018DFEF91D5F60AA00141FD7 = {
						CreatedOnToolsVersion = 7.3.1;
					};
				};
			};
			buildConfigurationList = 018DFEF51D5F60AA00141FD7 /* Build configuration list for PBXProject "demoApp" */;
			compatibilityVersion = "Xcode 3.2";
			developmentRegion = English;
			hasScannedForEncodings = 0;
			knownRegions = (
				en,
				Base,
			);
			mainGroup = 018DFEF11D5F60AA00141FD7;
			productRefGroup = 018DFEFB1D5F60AA00141FD7 /* Products */;
			projectDirPath = "";
			projectRoot = "";
			targets = (
				018DFEF91D5F60AA00141FD7 /* demoApp */,
			);
		};
/* End PBXProject section */

/* Begin PBXResourcesBuildPhase section */
		018DFEF81D5F60AA00141FD7 /* Resources */ = {
			isa = PBXResourcesBuildPhase;
			buildActionMask = 2147483647;
			files = (
				018DFF081D5F60AA00141FD7 /* LaunchScreen.storyboard in Resources */,
				018DFF051D5F60AA00141FD7 /* Assets.xcassets in Resources */,
				018DFF031D5F60AA00141FD7 /* Main.storyboard in Resources */,
			);
			runOnlyForDeploymentPostprocessing = 0;
		};
/* End PBXResourcesBuildPhase section */

/* Begin PBXSourcesBuildPhase section */
		018DFEF61D5F60AA00141FD7 /* Sources */ = {
			isa = PBXSourcesBuildPhase;
			buildActionMask = 2147483647;
			files = (
				018DFF001D5F60AA00141FD7 /* ViewController.swift in Sources */,
				018DFEFE1D5F60AA00141FD7 /* AppDelegate.swift in Sources */,
			);
			runOnlyForDeploymentPostprocessing = 0;
		};
/* End PBXSourcesBuildPhase section */

/* Begin PBXVariantGroup section */
		018DFF011D5F60AA00141FD7 /* Main.storyboard */ = {
			isa = PBXVariantGroup;
			children = (
				018DFF021D5F60AA00141FD7 /* Base */,
			);
			name = Main.storyboard;
			sourceTree = "<group>";
		};
		018DFF061D5F60AA00141FD7 /* LaunchScreen.storyboard */ = {
			isa = PBXVariantGroup;
			children = (
				018DFF071D5F60AA00141FD7 /* Base */,
			);
			name = LaunchScreen.storyboard;
			sourceTree = "<group>";
		};
/* End PBXVariantGroup section */

/* Begin XCBuildConfiguration section */
		018DFF0A1D5F60AA00141FD7 /* Debug */ = {
			isa = XCBuildConfiguration;
			buildSettings = {
				ALWAYS_SEARCH_USER_PATHS = NO;
				CLANG_ANALYZER_NONNULL = YES;
				CLANG_CXX_LANGUAGE_STANDARD = "gnu++0x";
				CLANG_CXX_LIBRARY = "libc++";
				CLANG_ENABLE_MODULES = YES;
				CLANG_ENABLE_OBJC_ARC = YES;
				CLANG_WARN_BOOL_CONVERSION = YES;
				CLANG_WARN_CONSTANT_CONVERSION = YES;
				CLANG_WARN_DIRECT_OBJC_ISA_USAGE = YES_ERROR;
				CLANG_WARN_EMPTY_BODY = YES;
				CLANG_WARN_ENUM_CONVERSION = YES;
				CLANG_WARN_INT_CONVERSION = YES;
				CLANG_WARN_OBJC_ROOT_CLASS = YES_ERROR;
				CLANG_WARN_UNREACHABLE_CODE = YES;
				CLANG_WARN__DUPLICATE_METHOD_MATCH = YES;
				"CODE_SIGN_IDENTITY[sdk=iphoneos*]" = "iPhone Developer";
				COPY_PHASE_STRIP = NO;
				DEBUG_INFORMATION_FORMAT = dwarf;
				ENABLE_STRICT_OBJC_MSGSEND = YES;
				ENABLE_TESTABILITY = YES;
				GCC_C_LANGUAGE_STANDARD = gnu99;
				GCC_DYNAMIC_NO_PIC = NO;
				GCC_NO_COMMON_BLOCKS = YES;
				GCC_OPTIMIZATION_LEVEL = 0;
				GCC_PREPROCESSOR_DEFINITIONS = (
					"DEBUG=1",
					"$(inherited)",
				);
				GCC_WARN_64_TO_32_BIT_CONVERSION = YES;
				GCC_WARN_ABOUT_RETURN_TYPE = YES_ERROR;
				GCC_WARN_UNDECLARED_SELECTOR = YES;
				GCC_WARN_UNINITIALIZED_AUTOS = YES_AGGRESSIVE;
				GCC_WARN_UNUSED_FUNCTION = YES;
				GCC_WARN_UNUSED_VARIABLE = YES;
				IPHONEOS_DEPLOYMENT_TARGET = 9.3;
				MTL_ENABLE_DEBUG_INFO = YES;
				ONLY_ACTIVE_ARCH = YES;
				SDKROOT = iphoneos;
				SWIFT_OPTIMIZATION_LEVEL = "-Onone";
				TARGETED_DEVICE_FAMILY = "1,2";
			};
			name = Debug;
		};
		018DFF0B1D5F60AA00141FD7 /* Release */ = {
			isa = XCBuildConfiguration;
			buildSettings = {
				ALWAYS_SEARCH_USER_PATHS = NO;
				CLANG_ANALYZER_NONNULL = YES;
				CLANG_CXX_LANGUAGE_STANDARD = "gnu++0x";
				CLANG_CXX_LIBRARY = "libc++";
				CLANG_ENABLE_MODULES = YES;
				CLANG_ENABLE_OBJC_ARC = YES;
				CLANG_WARN_BOOL_CONVERSION = YES;
				CLANG_WARN_CONSTANT_CONVERSION = YES;
				CLANG_WARN_DIRECT_OBJC_ISA_USAGE = YES_ERROR;
				CLANG_WARN_EMPTY_BODY = YES;
				CLANG_WARN_ENUM_CONVERSION = YES;
				CLANG_WARN_INT_CONVERSION = YES;
				CLANG_WARN_OBJC_ROOT_CLASS = YES_ERROR;
				CLANG_WARN_UNREACHABLE_CODE = YES;
				CLANG_WARN__DUPLICATE_METHOD_MATCH = YES;
				"CODE_SIGN_IDENTITY[sdk=iphoneos*]" = "iPhone Developer";
				COPY_PHASE_STRIP = NO;
				DEBUG_INFORMATION_FORMAT = "dwarf-with-dsym";
				ENABLE_NS_ASSERTIONS = NO;
				ENABLE_STRICT_OBJC_MSGSEND = YES;
				GCC_C_LANGUAGE_STANDARD = gnu99;
				GCC_NO_COMMON_BLOCKS = YES;
				GCC_WARN_64_TO_32_BIT_CONVERSION = YES;
				GCC_WARN_ABOUT_RETURN_TYPE = YES_ERROR;
				GCC_WARN_UNDECLARED_SELECTOR = YES;
				GCC_WARN_UNINITIALIZED_AUTOS = YES_AGGRESSIVE;
				GCC_WARN_UNUSED_FUNCTION = YES;
				GCC_WARN_UNUSED_VARIABLE = YES;
				IPHONEOS_DEPLOYMENT_TARGET = 9.3;
				MTL_ENABLE_DEBUG_INFO = NO;
				SDKROOT = iphoneos;
				TARGETED_DEVICE_FAMILY = "1,2";
				VALIDATE_PRODUCT = YES;
			};
			name = Release;
		};
		018DFF0D1D5F60AA00141FD7 /* Debug */ = {
			isa = XCBuildConfiguration;
			buildSettings = {
				ASSETCATALOG_COMPILER_APPICON_NAME = AppIcon;
				INFOPLIST_FILE = demoApp/Info.plist;
				LD_RUNPATH_SEARCH_PATHS = "$(inherited) @executable_path/Frameworks";
				PRODUCT_BUNDLE_IDENTIFIER = kris.demoApp;
				PRODUCT_NAME = "$(TARGET_NAME)";
			};
			name = Debug;
		};
		018DFF0E1D5F60AA00141FD7 /* Release */ = {
			isa = XCBuildConfiguration;
			buildSettings = {
				ASSETCATALOG_COMPILER_APPICON_NAME = AppIcon;
				INFOPLIST_FILE = demoApp/Info.plist;
				LD_RUNPATH_SEARCH_PATHS = "$(inherited) @executable_path/Frameworks";
				PRODUCT_BUNDLE_IDENTIFIER = kris.demoApp;
				PRODUCT_NAME = "$(TARGET_NAME)";
			};
			name = Release;
		};
/* End XCBuildConfiguration section */

/* Begin XCConfigurationList section */
		018DFEF51D5F60AA00141FD7 /* Build configuration list for PBXProject "demoApp" */ = {
			isa = XCConfigurationList;
			buildConfigurations = (
				018DFF0A1D5F60AA00141FD7 /* Debug */,
				018DFF0B1D5F60AA00141FD7 /* Release */,
			);
			defaultConfigurationIsVisible = 0;
			defaultConfigurationName = Release;
		};
		018DFF0C1D5F60AA00141FD7 /* Build configuration list for PBXNativeTarget "demoApp" */ = {
			isa = XCConfigurationList;
			buildConfigurations = (
				018DFF0D1D5F60AA00141FD7 /* Debug */,
				018DFF0E1D5F60AA00141FD7 /* Release */,
			);
			defaultConfigurationIsVisible = 0;
		};
/* End XCConfigurationList section */
	};
	rootObject = 018DFEF21D5F60AA00141FD7 /* Project object */;
}
